Microsoft Visual Studio Solution File, Format Version 12.00
# Visual Studio Version 17
VisualStudioVersion = 17.5.2.0
MinimumVisualStudioVersion = 10.0.40219.1
Project("{FAE04EC0-301F-11D3-BF4B-00C04F79EFBC}") = "Training.ExpenseTracker.Application", "Training.ExpenseTracker.Application\Training.ExpenseTracker.Application.csproj", "{02C4F049-CBBE-E342-D99D-A7925CB93F18}"
EndProject
Project("{FAE04EC0-301F-11D3-BF4B-00C04F79EFBC}") = "Training.ExpenseTracker.Infrastructure", "Training.ExpenseTracker.Infrastructure\Training.ExpenseTracker.Infrastructure.csproj", "{851865C9-7D98-5A96-D083-F024DE3ED534}"
EndProject
Project("{FAE04EC0-301F-11D3-BF4B-00C04F79EFBC}") = "Training.ExpenseTracker.Domain", "Training.ExpenseTracker.Domain\Training.ExpenseTracker.Domain.csproj", "{6EB5CF8C-7302-63F1-C795-C62E910B768F}"
EndProject
Project("{FAE04EC0-301F-11D3-BF4B-00C04F79EFBC}") = "Training.ExpenseTracker.WebApi", "Training.ExpenseTracker.WebApi\Training.ExpenseTracker.WebApi.csproj", "{277DDE95-E7A6-2131-C259-218DA567B26C}"
EndProject
Global
	GlobalSection(SolutionConfigurationPlatforms) = preSolution
		Debug|Any CPU = Debug|Any CPU
		Release|Any CPU = Release|Any CPU
	EndGlobalSection
	GlobalSection(ProjectConfigurationPlatforms) = postSolution
		{02C4F049-CBBE-E342-D99D-A7925CB93F18}.Debug|Any CPU.ActiveCfg = Debug|Any CPU
		{02C4F049-CBBE-E342-D99D-A7925CB93F18}.Debug|Any CPU.Build.0 = Debug|Any CPU
		{02C4F049-CBBE-E342-D99D-A7925CB93F18}.Release|Any CPU.ActiveCfg = Release|Any CPU
		{02C4F049-CBBE-E342-D99D-A7925CB93F18}.Release|Any CPU.Build.0 = Release|Any CPU
		{851865C9-7D98-5A96-D083-F024DE3ED534}.Debug|Any CPU.ActiveCfg = Debug|Any CPU
		{851865C9-7D98-5A96-D083-F024DE3ED534}.Debug|Any CPU.Build.0 = Debug|Any CPU
		{851865C9-7D98-5A96-D083-F024DE3ED534}.Release|Any CPU.ActiveCfg = Release|Any CPU
		{851865C9-7D98-5A96-D083-F024DE3ED534}.Release|Any CPU.Build.0 = Release|Any CPU
		{6EB5CF8C-7302-63F1-C795-C62E910B768F}.Debug|Any CPU.ActiveCfg = Debug|Any CPU
		{6EB5CF8C-7302-63F1-C795-C62E910B768F}.Debug|Any CPU.Build.0 = Debug|Any CPU
		{6EB5CF8C-7302-63F1-C795-C62E910B768F}.Release|Any CPU.ActiveCfg = Release|Any CPU
		{6EB5CF8C-7302-63F1-C795-C62E910B768F}.Release|Any CPU.Build.0 = Release|Any CPU
		{277DDE95-E7A6-2131-C259-218DA567B26C}.Debug|Any CPU.ActiveCfg = Debug|Any CPU
		{277DDE95-E7A6-2131-C259-218DA567B26C}.Debug|Any CPU.Build.0 = Debug|Any CPU
		{277DDE95-E7A6-2131-C259-218DA567B26C}.Release|Any CPU.ActiveCfg = Release|Any CPU
		{277DDE95-E7A6-2131-C259-218DA567B26C}.Release|Any CPU.Build.0 = Release|Any CPU
	EndGlobalSection
	GlobalSection(SolutionProperties) = preSolution
		HideSolutionNode = FALSE
	EndGlobalSection
	GlobalSection(ExtensibilityGlobals) = postSolution
		SolutionGuid = {B0F67754-B6FB-4C56-AB8D-9AE411DC72AD}
	EndGlobalSection
EndGlobal
